<?xml version="1.0" encoding="UTF-8"?>
<!DOCTYPE plist PUBLIC "-//Apple//DTD PLIST 1.0//EN" "http://www.apple.com/DTDs/PropertyList-1.0.dtd">
<plist version="1.0">
<dict>
	<key>archiveVersion</key>
	<string>1</string>
	<key>classes</key>
	<dict/>
	<key>objectVersion</key>
	<string>46</string>
	<key>objects</key>
	<dict>
		<key>31F8E9693E4C8DBADE9F5A6D</key>
		<dict>
			<key>children</key>
			<array>
				<string>3F750CC47BDED757B627BB88</string>
			</array>
			<key>isa</key>
			<string>PBXGroup</string>
			<key>name</key>
			<string>Frameworks</string>
			<key>sourceTree</key>
			<string>&lt;group&gt;</string>
		</dict>
		<key>3F750CC47BDED757B627BB88</key>
		<dict>
			<key>explicitFileType</key>
			<string>archive.ar</string>
			<key>includeInIndex</key>
			<string>0</string>
			<key>isa</key>
			<string>PBXFileReference</string>
			<key>path</key>
			<string>libPods.a</string>
			<key>sourceTree</key>
			<string>BUILT_PRODUCTS_DIR</string>
		</dict>
		<key>46CBA42324A193853472348B</key>
		<dict>
			<key>children</key>
			<array>
				<string>8223AD715E28E71EA9965018</string>
				<string>60D8A062146F04C9F235327B</string>
			</array>
			<key>isa</key>
			<string>PBXGroup</string>
			<key>name</key>
			<string>Pods</string>
			<key>sourceTree</key>
			<string>&lt;group&gt;</string>
		</dict>
		<key>4856F00FD7708F1A8A763F35</key>
		<dict>
			<key>buildActionMask</key>
			<string>2147483647</string>
			<key>files</key>
			<array/>
			<key>inputPaths</key>
			<array/>
			<key>isa</key>
			<string>PBXShellScriptBuildPhase</string>
			<key>name</key>
			<string>Copy Pods Resources</string>
			<key>outputPaths</key>
			<array/>
			<key>runOnlyForDeploymentPostprocessing</key>
			<string>0</string>
			<key>shellPath</key>
			<string>/bin/sh</string>
			<key>shellScript</key>
			<string>"${SRCROOT}/Pods/Target Support Files/Pods/Pods-resources.sh"
</string>
			<key>showEnvVarsInLog</key>
			<string>0</string>
		</dict>
		<key>60D8A062146F04C9F235327B</key>
		<dict>
			<key>includeInIndex</key>
			<string>1</string>
			<key>isa</key>
			<string>PBXFileReference</string>
			<key>lastKnownFileType</key>
			<string>text.xcconfig</string>
			<key>name</key>
			<string>Pods.release.xcconfig</string>
			<key>path</key>
			<string>Pods/Target Support Files/Pods/Pods.release.xcconfig</string>
			<key>sourceTree</key>
			<string>&lt;group&gt;</string>
		</dict>
		<key>6B6AE0AB9BC1ACA317BFA483</key>
		<dict>
			<key>buildActionMask</key>
			<string>2147483647</string>
			<key>files</key>
			<array/>
			<key>inputPaths</key>
			<array/>
			<key>isa</key>
			<string>PBXShellScriptBuildPhase</string>
			<key>name</key>
			<string>Check Pods Manifest.lock</string>
			<key>outputPaths</key>
			<array/>
			<key>runOnlyForDeploymentPostprocessing</key>
			<string>0</string>
			<key>shellPath</key>
			<string>/bin/sh</string>
			<key>shellScript</key>
			<string>diff "${PODS_ROOT}/../Podfile.lock" "${PODS_ROOT}/Manifest.lock" &gt; /dev/null
if [[ $? != 0 ]] ; then
    cat &lt;&lt; EOM
error: The sandbox is not in sync with the Podfile.lock. Run 'pod install' or update your CocoaPods installation.
EOM
    exit 1
fi
</string>
			<key>showEnvVarsInLog</key>
			<string>0</string>
		</dict>
		<key>8223AD715E28E71EA9965018</key>
		<dict>
			<key>includeInIndex</key>
			<string>1</string>
			<key>isa</key>
			<string>PBXFileReference</string>
			<key>lastKnownFileType</key>
			<string>text.xcconfig</string>
			<key>name</key>
			<string>Pods.debug.xcconfig</string>
			<key>path</key>
			<string>Pods/Target Support Files/Pods/Pods.debug.xcconfig</string>
			<key>sourceTree</key>
			<string>&lt;group&gt;</string>
		</dict>
		<key>856A1E722A415D83DFF91111</key>
		<dict>
			<key>fileRef</key>
			<string>3F750CC47BDED757B627BB88</string>
			<key>isa</key>
			<string>PBXBuildFile</string>
		</dict>
		<key>C6AE3BCBD64FAB95236A735A</key>
		<dict>
			<key>buildActionMask</key>
			<string>2147483647</string>
			<key>files</key>
			<array/>
			<key>inputPaths</key>
			<array/>
			<key>isa</key>
			<string>PBXShellScriptBuildPhase</string>
			<key>name</key>
			<string>Embed Pods Frameworks</string>
			<key>outputPaths</key>
			<array/>
			<key>runOnlyForDeploymentPostprocessing</key>
			<string>0</string>
			<key>shellPath</key>
			<string>/bin/sh</string>
			<key>shellScript</key>
			<string>"${SRCROOT}/Pods/Target Support Files/Pods/Pods-frameworks.sh"
</string>
			<key>showEnvVarsInLog</key>
			<string>0</string>
		</dict>
		<key>D90A87A91CDEEE5400BFB18C</key>
		<dict>
			<key>children</key>
			<array>
				<string>D90A87AA1CDEEE5400BFB18C</string>
				<string>D90A87AB1CDEEE5400BFB18C</string>
			</array>
			<key>isa</key>
			<string>PBXGroup</string>
			<key>path</key>
			<string>MDRResources</string>
			<key>sourceTree</key>
			<string>&lt;group&gt;</string>
		</dict>
		<key>D90A87AA1CDEEE5400BFB18C</key>
		<dict>
			<key>fileEncoding</key>
			<string>4</string>
			<key>isa</key>
			<string>PBXFileReference</string>
			<key>lastKnownFileType</key>
			<string>text.plist.xml</string>
			<key>path</key>
			<string>MDRAddPop1.plist</string>
			<key>sourceTree</key>
			<string>&lt;group&gt;</string>
		</dict>
		<key>D90A87AB1CDEEE5400BFB18C</key>
		<dict>
			<key>fileEncoding</key>
			<string>4</string>
			<key>isa</key>
			<string>PBXFileReference</string>
			<key>lastKnownFileType</key>
			<string>text.plist.xml</string>
			<key>path</key>
			<string>MDRTabBarVcs.plist</string>
			<key>sourceTree</key>
			<string>&lt;group&gt;</string>
		</dict>
		<key>D90A87AC1CDEEE5400BFB18C</key>
		<dict>
			<key>fileRef</key>
			<string>D90A87AA1CDEEE5400BFB18C</string>
			<key>isa</key>
			<string>PBXBuildFile</string>
		</dict>
		<key>D90A87AD1CDEEE5400BFB18C</key>
		<dict>
			<key>fileRef</key>
			<string>D90A87AB1CDEEE5400BFB18C</string>
			<key>isa</key>
			<string>PBXBuildFile</string>
		</dict>
		<key>D91DF2331C9EC8D100312331</key>
		<dict>
			<key>children</key>
			<array>
				<string>D91DF2341C9EC94300312331</string>
				<string>D91DF24A1C9EDDE000312331</string>
				<string>D91DF24C1C9EDF3600312331</string>
				<string>D9E76CD81CA1401A008CA2E4</string>
			</array>
			<key>isa</key>
			<string>PBXGroup</string>
			<key>path</key>
			<string>MDRSettings</string>
			<key>sourceTree</key>
			<string>&lt;group&gt;</string>
		</dict>
		<key>D91DF2341C9EC94300312331</key>
		<dict>
			<key>fileEncoding</key>
			<string>4</string>
			<key>isa</key>
			<string>PBXFileReference</string>
			<key>lastKnownFileType</key>
			<string>text.plist.xml</string>
			<key>path</key>
			<string>MDRSettingHome.plist</string>
			<key>sourceTree</key>
			<string>&lt;group&gt;</string>
		</dict>
		<key>D91DF2351C9EC94300312331</key>
		<dict>
			<key>fileRef</key>
			<string>D91DF2341C9EC94300312331</string>
			<key>isa</key>
			<string>PBXBuildFile</string>
		</dict>
		<key>D91DF2361C9ECD0D00312331</key>
		<dict>
			<key>fileEncoding</key>
			<string>4</string>
			<key>isa</key>
			<string>PBXFileReference</string>
			<key>lastKnownFileType</key>
			<string>sourcecode.c.h</string>
			<key>path</key>
			<string>MDRSettingBaseController.h</string>
			<key>sourceTree</key>
			<string>&lt;group&gt;</string>
		</dict>
		<key>D91DF2371C9ECD0D00312331</key>
		<dict>
			<key>fileEncoding</key>
			<string>4</string>
			<key>isa</key>
			<string>PBXFileReference</string>
			<key>lastKnownFileType</key>
			<string>sourcecode.c.objc</string>
			<key>path</key>
			<string>MDRSettingBaseController.m</string>
			<key>sourceTree</key>
			<string>&lt;group&gt;</string>
		</dict>
		<key>D91DF2381C9ECD0D00312331</key>
		<dict>
			<key>fileRef</key>
			<string>D91DF2371C9ECD0D00312331</string>
			<key>isa</key>
			<string>PBXBuildFile</string>
		</dict>
		<key>D91DF2391C9ECE1D00312331</key>
		<dict>
			<key>fileEncoding</key>
			<string>4</string>
			<key>isa</key>
			<string>PBXFileReference</string>
			<key>lastKnownFileType</key>
			<string>sourcecode.c.h</string>
			<key>path</key>
			<string>MDRSettingHomeController.h</string>
			<key>sourceTree</key>
			<string>&lt;group&gt;</string>
		</dict>
		<key>D91DF23A1C9ECE1D00312331</key>
		<dict>
			<key>fileEncoding</key>
			<string>4</string>
			<key>isa</key>
			<string>PBXFileReference</string>
			<key>lastKnownFileType</key>
			<string>sourcecode.c.objc</string>
			<key>path</key>
			<string>MDRSettingHomeController.m</string>
			<key>sourceTree</key>
			<string>&lt;group&gt;</string>
		</dict>
		<key>D91DF23B1C9ECE1D00312331</key>
		<dict>
			<key>fileRef</key>
			<string>D91DF23A1C9ECE1D00312331</string>
			<key>isa</key>
			<string>PBXBuildFile</string>
		</dict>
		<key>D91DF23C1C9ED60700312331</key>
		<dict>
			<key>fileEncoding</key>
			<string>4</string>
			<key>isa</key>
			<string>PBXFileReference</string>
			<key>lastKnownFileType</key>
			<string>sourcecode.c.h</string>
			<key>path</key>
			<string>MDRSetHomeHeaderView.h</string>
			<key>sourceTree</key>
			<string>&lt;group&gt;</string>
		</dict>
		<key>D91DF23D1C9ED60700312331</key>
		<dict>
			<key>fileEncoding</key>
			<string>4</string>
			<key>isa</key>
			<string>PBXFileReference</string>
			<key>lastKnownFileType</key>
			<string>sourcecode.c.objc</string>
			<key>path</key>
			<string>MDRSetHomeHeaderView.m</string>
			<key>sourceTree</key>
			<string>&lt;group&gt;</string>
		</dict>
		<key>D91DF23E1C9ED60700312331</key>
		<dict>
			<key>fileRef</key>
			<string>D91DF23D1C9ED60700312331</string>
			<key>isa</key>
			<string>PBXBuildFile</string>
		</dict>
		<key>D91DF23F1C9ED61200312331</key>
		<dict>
			<key>fileEncoding</key>
			<string>4</string>
			<key>isa</key>
			<string>PBXFileReference</string>
			<key>lastKnownFileType</key>
			<string>file.xib</string>
			<key>path</key>
			<string>MDRSetHomeHeaderView.xib</string>
			<key>sourceTree</key>
			<string>&lt;group&gt;</string>
		</dict>
		<key>D91DF2401C9ED61200312331</key>
		<dict>
			<key>fileRef</key>
			<string>D91DF23F1C9ED61200312331</string>
			<key>isa</key>
			<string>PBXBuildFile</string>
		</dict>
		<key>D91DF2411C9EDB2700312331</key>
		<dict>
			<key>fileEncoding</key>
			<string>4</string>
			<key>isa</key>
			<string>PBXFileReference</string>
			<key>lastKnownFileType</key>
			<string>sourcecode.c.h</string>
			<key>path</key>
			<string>MDRAccountInfoController.h</string>
			<key>sourceTree</key>
			<string>&lt;group&gt;</string>
		</dict>
		<key>D91DF2421C9EDB2700312331</key>
		<dict>
			<key>fileEncoding</key>
			<string>4</string>
			<key>isa</key>
			<string>PBXFileReference</string>
			<key>lastKnownFileType</key>
			<string>sourcecode.c.objc</string>
			<key>path</key>
			<string>MDRAccountInfoController.m</string>
			<key>sourceTree</key>
			<string>&lt;group&gt;</string>
		</dict>
		<key>D91DF2431C9EDB2700312331</key>
		<dict>
			<key>fileRef</key>
			<string>D91DF2421C9EDB2700312331</string>
			<key>isa</key>
			<string>PBXBuildFile</string>
		</dict>
		<key>D91DF24A1C9EDDE000312331</key>
		<dict>
			<key>fileEncoding</key>
			<string>4</string>
			<key>isa</key>
			<string>PBXFileReference</string>
			<key>lastKnownFileType</key>
			<string>text.plist.xml</string>
			<key>path</key>
			<string>MDRFreeCall.plist</string>
			<key>sourceTree</key>
			<string>&lt;group&gt;</string>
		</dict>
		<key>D91DF24B1C9EDDE000312331</key>
		<dict>
			<key>fileRef</key>
			<string>D91DF24A1C9EDDE000312331</string>
			<key>isa</key>
			<string>PBXBuildFile</string>
		</dict>
		<key>D91DF24C1C9EDF3600312331</key>
		<dict>
			<key>fileEncoding</key>
			<string>4</string>
			<key>isa</key>
			<string>PBXFileReference</string>
			<key>lastKnownFileType</key>
			<string>text.plist.xml</string>
			<key>path</key>
			<string>MDRSystemCall.plist</string>
			<key>sourceTree</key>
			<string>&lt;group&gt;</string>
		</dict>
		<key>D91DF24D1C9EDF3600312331</key>
		<dict>
			<key>fileRef</key>
			<string>D91DF24C1C9EDF3600312331</string>
			<key>isa</key>
			<string>PBXBuildFile</string>
		</dict>
		<key>D92B1B1C1CA1831D00470594</key>
		<dict>
			<key>fileEncoding</key>
			<string>4</string>
			<key>isa</key>
			<string>PBXFileReference</string>
			<key>lastKnownFileType</key>
			<string>sourcecode.c.h</string>
			<key>path</key>
			<string>MDRSettingBaseCell.h</string>
			<key>sourceTree</key>
			<string>&lt;group&gt;</string>
		</dict>
		<key>D92B1B1D1CA1831D00470594</key>
		<dict>
			<key>fileEncoding</key>
			<string>4</string>
			<key>isa</key>
			<string>PBXFileReference</string>
			<key>lastKnownFileType</key>
			<string>sourcecode.c.objc</string>
			<key>path</key>
			<string>MDRSettingBaseCell.m</string>
			<key>sourceTree</key>
			<string>&lt;group&gt;</string>
		</dict>
		<key>D92B1B1E1CA1831D00470594</key>
		<dict>
			<key>fileRef</key>
			<string>D92B1B1D1CA1831D00470594</string>
			<key>isa</key>
			<string>PBXBuildFile</string>
		</dict>
		<key>D93376E31C9DB9B800F3F64E</key>
		<dict>
			<key>children</key>
			<array>
				<string>D93376EE1C9DB9B800F3F64E</string>
				<string>D93376ED1C9DB9B800F3F64E</string>
				<string>46CBA42324A193853472348B</string>
				<string>31F8E9693E4C8DBADE9F5A6D</string>
			</array>
			<key>isa</key>
			<string>PBXGroup</string>
			<key>sourceTree</key>
			<string>&lt;group&gt;</string>
		</dict>
		<key>D93376E41C9DB9B800F3F64E</key>
		<dict>
			<key>attributes</key>
			<dict>
				<key>CLASSPREFIX</key>
				<string>MDR</string>
				<key>LastUpgradeCheck</key>
				<string>0720</string>
				<key>ORGANIZATIONNAME</key>
				<string>liuchunlao</string>
				<key>TargetAttributes</key>
				<dict>
					<key>D93376EB1C9DB9B800F3F64E</key>
					<dict>
						<key>CreatedOnToolsVersion</key>
						<string>7.2.1</string>
						<key>DevelopmentTeam</key>
						<string>43785E7HJ6</string>
					</dict>
				</dict>
			</dict>
			<key>buildConfigurationList</key>
			<string>D93376E71C9DB9B800F3F64E</string>
			<key>compatibilityVersion</key>
			<string>Xcode 3.2</string>
			<key>developmentRegion</key>
			<string>English</string>
			<key>hasScannedForEncodings</key>
			<string>0</string>
			<key>isa</key>
			<string>PBXProject</string>
			<key>knownRegions</key>
			<array>
				<string>en</string>
				<string>Base</string>
			</array>
			<key>mainGroup</key>
			<string>D93376E31C9DB9B800F3F64E</string>
			<key>productRefGroup</key>
			<string>D93376ED1C9DB9B800F3F64E</string>
			<key>projectDirPath</key>
			<string></string>
			<key>projectReferences</key>
			<array/>
			<key>projectRoot</key>
			<string></string>
			<key>targets</key>
			<array>
				<string>D93376EB1C9DB9B800F3F64E</string>
			</array>
		</dict>
		<key>D93376E71C9DB9B800F3F64E</key>
		<dict>
			<key>buildConfigurations</key>
			<array>
				<string>D93377011C9DB9B800F3F64E</string>
				<string>D93377021C9DB9B800F3F64E</string>
			</array>
			<key>defaultConfigurationIsVisible</key>
			<string>0</string>
			<key>defaultConfigurationName</key>
			<string>Release</string>
			<key>isa</key>
			<string>XCConfigurationList</string>
		</dict>
		<key>D93376E81C9DB9B800F3F64E</key>
		<dict>
			<key>buildActionMask</key>
			<string>2147483647</string>
			<key>files</key>
			<array>
				<string>D9507B151CAB85AE000BDC8F</string>
				<string>D933774F1C9DD7FD00F3F64E</string>
				<string>D9E76CD71CA13FC1008CA2E4</string>
				<string>D961EF6F1CA2EEDF0095766A</string>
				<string>D91DF23E1C9ED60700312331</string>
				<string>D93377491C9DCF7B00F3F64E</string>
				<string>D9507B121CAB84C1000BDC8F</string>
				<string>D9507B0F1CAB8379000BDC8F</string>
				<string>D961EF721CA2F5700095766A</string>
				<string>D93377401C9DBE5A00F3F64E</string>
				<string>D93377351C9DBC8F00F3F64E</string>
				<string>D93376F11C9DB9B800F3F64E</string>
				<string>D933773D1C9DBE4200F3F64E</string>
				<string>D9507B0C1CAB7FB7000BDC8F</string>
				<string>D961EF751CA2FBD50095766A</string>
				<string>D9813EE21CA6EC3E0013AE57</string>
				<string>D93377431C9DBE7000F3F64E</string>
				<string>D91DF2381C9ECD0D00312331</string>
				<string>D93377551C9DDED400F3F64E</string>
				<string>D93377311C9DBA7800F3F64E</string>
				<string>D91DF23B1C9ECE1D00312331</string>
				<string>D93377521C9DDEA100F3F64E</string>
				<string>D93377381C9DBCAF00F3F64E</string>
				<string>D9E6BEE31CD23F2300DE05C9</string>
				<string>D92B1B1E1CA1831D00470594</string>
				<string>D9E76CDC1CA14114008CA2E4</string>
				<string>D9E20B151CA787BF00B3F7AF</string>
				<string>D91DF2431C9EDB2700312331</string>
			</array>
			<key>isa</key>
			<string>PBXSourcesBuildPhase</string>
			<key>runOnlyForDeploymentPostprocessing</key>
			<string>0</string>
		</dict>
		<key>D93376E91C9DB9B800F3F64E</key>
		<dict>
			<key>buildActionMask</key>
			<string>2147483647</string>
			<key>files</key>
			<array>
				<string>856A1E722A415D83DFF91111</string>
			</array>
			<key>isa</key>
			<string>PBXFrameworksBuildPhase</string>
			<key>runOnlyForDeploymentPostprocessing</key>
			<string>0</string>
		</dict>
		<key>D93376EA1C9DB9B800F3F64E</key>
		<dict>
			<key>buildActionMask</key>
			<string>2147483647</string>
			<key>files</key>
			<array>
				<string>D961EF771CA2FBF60095766A</string>
				<string>D91DF2351C9EC94300312331</string>
				<string>D9E76CDE1CA14121008CA2E4</string>
				<string>D91DF24D1C9EDF3600312331</string>
				<string>D90A87AC1CDEEE5400BFB18C</string>
				<string>D93376FF1C9DB9B800F3F64E</string>
				<string>D93376FC1C9DB9B800F3F64E</string>
				<string>D91DF24B1C9EDDE000312331</string>
				<string>D9E76CD91CA1401A008CA2E4</string>
				<string>D9E76CE01CA146AF008CA2E4</string>
				<string>D91DF2401C9ED61200312331</string>
				<string>D90A87AD1CDEEE5400BFB18C</string>
			</array>
			<key>isa</key>
			<string>PBXResourcesBuildPhase</string>
			<key>runOnlyForDeploymentPostprocessing</key>
			<string>0</string>
		</dict>
		<key>D93376EB1C9DB9B800F3F64E</key>
		<dict>
			<key>buildConfigurationList</key>
			<string>D93377031C9DB9B800F3F64E</string>
			<key>buildPhases</key>
			<array>
				<string>6B6AE0AB9BC1ACA317BFA483</string>
				<string>D93376E81C9DB9B800F3F64E</string>
				<string>D93376E91C9DB9B800F3F64E</string>
				<string>D93376EA1C9DB9B800F3F64E</string>
				<string>C6AE3BCBD64FAB95236A735A</string>
				<string>4856F00FD7708F1A8A763F35</string>
			</array>
			<key>buildRules</key>
			<array/>
			<key>dependencies</key>
			<array/>
			<key>isa</key>
			<string>PBXNativeTarget</string>
			<key>name</key>
			<string>WechatBook</string>
			<key>productName</key>
			<string>WechatBook</string>
			<key>productReference</key>
			<string>D93376EC1C9DB9B800F3F64E</string>
			<key>productType</key>
			<string>com.apple.product-type.application</string>
		</dict>
		<key>D93376EC1C9DB9B800F3F64E</key>
		<dict>
			<key>explicitFileType</key>
			<string>wrapper.application</string>
			<key>includeInIndex</key>
			<string>0</string>
			<key>isa</key>
			<string>PBXFileReference</string>
			<key>path</key>
			<string>WechatBook.app</string>
			<key>sourceTree</key>
			<string>BUILT_PRODUCTS_DIR</string>
		</dict>
		<key>D93376ED1C9DB9B800F3F64E</key>
		<dict>
			<key>children</key>
			<array>
				<string>D93376EC1C9DB9B800F3F64E</string>
			</array>
			<key>isa</key>
			<string>PBXGroup</string>
			<key>name</key>
			<string>Products</string>
			<key>sourceTree</key>
			<string>&lt;group&gt;</string>
		</dict>
		<key>D93376EE1C9DB9B800F3F64E</key>
		<dict>
			<key>children</key>
			<array>
				<string>D93377061C9DBA7800F3F64E</string>
				<string>D93376EF1C9DB9B800F3F64E</string>
			</array>
			<key>isa</key>
			<string>PBXGroup</string>
			<key>path</key>
			<string>WechatBook</string>
			<key>sourceTree</key>
			<string>&lt;group&gt;</string>
		</dict>
		<key>D93376EF1C9DB9B800F3F64E</key>
		<dict>
			<key>children</key>
			<array>
				<string>D90A87A91CDEEE5400BFB18C</string>
				<string>D91DF2331C9EC8D100312331</string>
				<string>D93376F01C9DB9B800F3F64E</string>
				<string>D93376FB1C9DB9B800F3F64E</string>
				<string>D93376FD1C9DB9B800F3F64E</string>
				<string>D93377001C9DB9B800F3F64E</string>
				<string>D93377321C9DBA9C00F3F64E</string>
			</array>
			<key>isa</key>
			<string>PBXGroup</string>
			<key>name</key>
			<string>Supporting Files</string>
			<key>sourceTree</key>
			<string>&lt;group&gt;</string>
		</dict>
		<key>D93376F01C9DB9B800F3F64E</key>
		<dict>
			<key>isa</key>
			<string>PBXFileReference</string>
			<key>lastKnownFileType</key>
			<string>sourcecode.c.objc</string>
			<key>path</key>
			<string>main.m</string>
			<key>sourceTree</key>
			<string>&lt;group&gt;</string>
		</dict>
		<key>D93376F11C9DB9B800F3F64E</key>
		<dict>
			<key>fileRef</key>
			<string>D93376F01C9DB9B800F3F64E</string>
			<key>isa</key>
			<string>PBXBuildFile</string>
		</dict>
		<key>D93376FB1C9DB9B800F3F64E</key>
		<dict>
			<key>isa</key>
			<string>PBXFileReference</string>
			<key>lastKnownFileType</key>
			<string>folder.assetcatalog</string>
			<key>path</key>
			<string>Assets.xcassets</string>
			<key>sourceTree</key>
			<string>&lt;group&gt;</string>
		</dict>
		<key>D93376FC1C9DB9B800F3F64E</key>
		<dict>
			<key>fileRef</key>
			<string>D93376FB1C9DB9B800F3F64E</string>
			<key>isa</key>
			<string>PBXBuildFile</string>
		</dict>
		<key>D93376FD1C9DB9B800F3F64E</key>
		<dict>
			<key>children</key>
			<array>
				<string>D93376FE1C9DB9B800F3F64E</string>
			</array>
			<key>isa</key>
			<string>PBXVariantGroup</string>
			<key>name</key>
			<string>LaunchScreen.storyboard</string>
			<key>sourceTree</key>
			<string>&lt;group&gt;</string>
		</dict>
		<key>D93376FE1C9DB9B800F3F64E</key>
		<dict>
			<key>isa</key>
			<string>PBXFileReference</string>
			<key>lastKnownFileType</key>
			<string>file.storyboard</string>
			<key>name</key>
			<string>Base</string>
			<key>path</key>
			<string>Base.lproj/LaunchScreen.storyboard</string>
			<key>sourceTree</key>
			<string>&lt;group&gt;</string>
		</dict>
		<key>D93376FF1C9DB9B800F3F64E</key>
		<dict>
			<key>fileRef</key>
			<string>D93376FD1C9DB9B800F3F64E</string>
			<key>isa</key>
			<string>PBXBuildFile</string>
		</dict>
		<key>D93377001C9DB9B800F3F64E</key>
		<dict>
			<key>isa</key>
			<string>PBXFileReference</string>
			<key>lastKnownFileType</key>
			<string>text.plist.xml</string>
			<key>path</key>
			<string>Info.plist</string>
			<key>sourceTree</key>
			<string>&lt;group&gt;</string>
		</dict>
		<key>D93377011C9DB9B800F3F64E</key>
		<dict>
			<key>buildSettings</key>
			<dict>
				<key>ALWAYS_SEARCH_USER_PATHS</key>
				<string>NO</string>
				<key>CLANG_CXX_LANGUAGE_STANDARD</key>
				<string>gnu++0x</string>
				<key>CLANG_CXX_LIBRARY</key>
				<string>libc++</string>
				<key>CLANG_ENABLE_MODULES</key>
				<string>YES</string>
				<key>CLANG_ENABLE_OBJC_ARC</key>
				<string>YES</string>
				<key>CLANG_WARN_BOOL_CONVERSION</key>
				<string>YES</string>
				<key>CLANG_WARN_CONSTANT_CONVERSION</key>
				<string>YES</string>
				<key>CLANG_WARN_DIRECT_OBJC_ISA_USAGE</key>
				<string>YES_ERROR</string>
				<key>CLANG_WARN_EMPTY_BODY</key>
				<string>YES</string>
				<key>CLANG_WARN_ENUM_CONVERSION</key>
				<string>YES</string>
				<key>CLANG_WARN_INT_CONVERSION</key>
				<string>YES</string>
				<key>CLANG_WARN_OBJC_ROOT_CLASS</key>
				<string>YES_ERROR</string>
				<key>CLANG_WARN_UNREACHABLE_CODE</key>
				<string>YES</string>
				<key>CLANG_WARN__DUPLICATE_METHOD_MATCH</key>
				<string>YES</string>
				<key>CODE_SIGN_IDENTITY[sdk=iphoneos*]</key>
				<string>iPhone Developer</string>
				<key>COPY_PHASE_STRIP</key>
				<string>NO</string>
				<key>DEBUG_INFORMATION_FORMAT</key>
				<string>dwarf</string>
				<key>ENABLE_STRICT_OBJC_MSGSEND</key>
				<string>YES</string>
				<key>ENABLE_TESTABILITY</key>
				<string>YES</string>
				<key>GCC_C_LANGUAGE_STANDARD</key>
				<string>gnu99</string>
				<key>GCC_DYNAMIC_NO_PIC</key>
				<string>NO</string>
				<key>GCC_NO_COMMON_BLOCKS</key>
				<string>YES</string>
				<key>GCC_OPTIMIZATION_LEVEL</key>
				<string>0</string>
				<key>GCC_PREPROCESSOR_DEFINITIONS</key>
				<array>
					<string>DEBUG=1</string>
					<string>$(inherited)</string>
				</array>
				<key>GCC_WARN_64_TO_32_BIT_CONVERSION</key>
				<string>YES</string>
				<key>GCC_WARN_ABOUT_RETURN_TYPE</key>
				<string>YES_ERROR</string>
				<key>GCC_WARN_UNDECLARED_SELECTOR</key>
				<string>YES</string>
				<key>GCC_WARN_UNINITIALIZED_AUTOS</key>
				<string>YES_AGGRESSIVE</string>
				<key>GCC_WARN_UNUSED_FUNCTION</key>
				<string>YES</string>
				<key>GCC_WARN_UNUSED_VARIABLE</key>
				<string>YES</string>
				<key>IPHONEOS_DEPLOYMENT_TARGET</key>
				<string>9.2</string>
				<key>MTL_ENABLE_DEBUG_INFO</key>
				<string>YES</string>
				<key>ONLY_ACTIVE_ARCH</key>
				<string>YES</string>
				<key>SDKROOT</key>
				<string>iphoneos</string>
			</dict>
			<key>isa</key>
			<string>XCBuildConfiguration</string>
			<key>name</key>
			<string>Debug</string>
		</dict>
		<key>D93377021C9DB9B800F3F64E</key>
		<dict>
			<key>buildSettings</key>
			<dict>
				<key>ALWAYS_SEARCH_USER_PATHS</key>
				<string>NO</string>
				<key>CLANG_CXX_LANGUAGE_STANDARD</key>
				<string>gnu++0x</string>
				<key>CLANG_CXX_LIBRARY</key>
				<string>libc++</string>
				<key>CLANG_ENABLE_MODULES</key>
				<string>YES</string>
				<key>CLANG_ENABLE_OBJC_ARC</key>
				<string>YES</string>
				<key>CLANG_WARN_BOOL_CONVERSION</key>
				<string>YES</string>
				<key>CLANG_WARN_CONSTANT_CONVERSION</key>
				<string>YES</string>
				<key>CLANG_WARN_DIRECT_OBJC_ISA_USAGE</key>
				<string>YES_ERROR</string>
				<key>CLANG_WARN_EMPTY_BODY</key>
				<string>YES</string>
				<key>CLANG_WARN_ENUM_CONVERSION</key>
				<string>YES</string>
				<key>CLANG_WARN_INT_CONVERSION</key>
				<string>YES</string>
				<key>CLANG_WARN_OBJC_ROOT_CLASS</key>
				<string>YES_ERROR</string>
				<key>CLANG_WARN_UNREACHABLE_CODE</key>
				<string>YES</string>
				<key>CLANG_WARN__DUPLICATE_METHOD_MATCH</key>
				<string>YES</string>
				<key>CODE_SIGN_IDENTITY[sdk=iphoneos*]</key>
				<string>iPhone Developer</string>
				<key>COPY_PHASE_STRIP</key>
				<string>NO</string>
				<key>DEBUG_INFORMATION_FORMAT</key>
				<string>dwarf-with-dsym</string>
				<key>ENABLE_NS_ASSERTIONS</key>
				<string>NO</string>
				<key>ENABLE_STRICT_OBJC_MSGSEND</key>
				<string>YES</string>
				<key>GCC_C_LANGUAGE_STANDARD</key>
				<string>gnu99</string>
				<key>GCC_NO_COMMON_BLOCKS</key>
				<string>YES</string>
				<key>GCC_WARN_64_TO_32_BIT_CONVERSION</key>
				<string>YES</string>
				<key>GCC_WARN_ABOUT_RETURN_TYPE</key>
				<string>YES_ERROR</string>
				<key>GCC_WARN_UNDECLARED_SELECTOR</key>
				<string>YES</string>
				<key>GCC_WARN_UNINITIALIZED_AUTOS</key>
				<string>YES_AGGRESSIVE</string>
				<key>GCC_WARN_UNUSED_FUNCTION</key>
				<string>YES</string>
				<key>GCC_WARN_UNUSED_VARIABLE</key>
				<string>YES</string>
				<key>IPHONEOS_DEPLOYMENT_TARGET</key>
				<string>9.2</string>
				<key>MTL_ENABLE_DEBUG_INFO</key>
				<string>NO</string>
				<key>SDKROOT</key>
				<string>iphoneos</string>
				<key>VALIDATE_PRODUCT</key>
				<string>YES</string>
			</dict>
			<key>isa</key>
			<string>XCBuildConfiguration</string>
			<key>name</key>
			<string>Release</string>
		</dict>
		<key>D93377031C9DB9B800F3F64E</key>
		<dict>
			<key>buildConfigurations</key>
			<array>
				<string>D93377041C9DB9B800F3F64E</string>
				<string>D93377051C9DB9B800F3F64E</string>
			</array>
			<key>defaultConfigurationIsVisible</key>
			<string>0</string>
			<key>defaultConfigurationName</key>
			<string>Release</string>
			<key>isa</key>
			<string>XCConfigurationList</string>
		</dict>
		<key>D93377041C9DB9B800F3F64E</key>
		<dict>
			<key>baseConfigurationReference</key>
			<string>8223AD715E28E71EA9965018</string>
			<key>buildSettings</key>
			<dict>
				<key>ASSETCATALOG_COMPILER_APPICON_NAME</key>
				<string>AppIcon</string>
				<key>ASSETCATALOG_COMPILER_LAUNCHIMAGE_NAME</key>
				<string>Brand Assets</string>
				<key>CODE_SIGN_IDENTITY</key>
				<string>iPhone Developer: itcast Fen (527V8FPZBR)</string>
				<key>CODE_SIGN_IDENTITY[sdk=iphoneos*]</key>
				<string>iPhone Developer: itcast Fen (527V8FPZBR)</string>
				<key>GCC_PREFIX_HEADER</key>
				<string>./WechatBook/PrefixHeader.pch</string>
				<key>INFOPLIST_FILE</key>
				<string>WechatBook/Info.plist</string>
				<key>IPHONEOS_DEPLOYMENT_TARGET</key>
				<string>8.0</string>
				<key>LD_RUNPATH_SEARCH_PATHS</key>
				<string>$(inherited) @executable_path/Frameworks</string>
				<key>PRODUCT_BUNDLE_IDENTIFIER</key>
				<string>cn.itcast.WechatPhoneBook</string>
				<key>PRODUCT_NAME</key>
				<string>$(TARGET_NAME)</string>
				<key>PROVISIONING_PROFILE</key>
				<string>a07d6b4d-e0ab-4b52-8983-a686499c2b29</string>
				<key>TARGETED_DEVICE_FAMILY</key>
				<string>1</string>
			</dict>
			<key>isa</key>
			<string>XCBuildConfiguration</string>
			<key>name</key>
			<string>Debug</string>
		</dict>
		<key>D93377051C9DB9B800F3F64E</key>
		<dict>
			<key>baseConfigurationReference</key>
			<string>60D8A062146F04C9F235327B</string>
			<key>buildSettings</key>
			<dict>
				<key>ASSETCATALOG_COMPILER_APPICON_NAME</key>
				<string>AppIcon</string>
				<key>ASSETCATALOG_COMPILER_LAUNCHIMAGE_NAME</key>
				<string>Brand Assets</string>
				<key>CODE_SIGN_IDENTITY</key>
				<string>iPhone Developer: itcast Fen (527V8FPZBR)</string>
				<key>CODE_SIGN_IDENTITY[sdk=iphoneos*]</key>
				<string>iPhone Distribution: itcast Fen (43785E7HJ6)</string>
				<key>GCC_PREFIX_HEADER</key>
				<string>./WechatBook/PrefixHeader.pch</string>
				<key>INFOPLIST_FILE</key>
				<string>WechatBook/Info.plist</string>
				<key>IPHONEOS_DEPLOYMENT_TARGET</key>
				<string>8.0</string>
				<key>LD_RUNPATH_SEARCH_PATHS</key>
				<string>$(inherited) @executable_path/Frameworks</string>
				<key>PRODUCT_BUNDLE_IDENTIFIER</key>
				<string>cn.itcast.WechatPhoneBook</string>
				<key>PRODUCT_NAME</key>
				<string>$(TARGET_NAME)</string>
				<key>PROVISIONING_PROFILE</key>
				<string>a07d6b4d-e0ab-4b52-8983-a686499c2b29</string>
				<key>TARGETED_DEVICE_FAMILY</key>
				<string>1</string>
			</dict>
			<key>isa</key>
			<string>XCBuildConfiguration</string>
			<key>name</key>
			<string>Release</string>
		</dict>
		<key>D93377061C9DBA7800F3F64E</key>
		<dict>
			<key>children</key>
			<array>
				<string>D93377201C9DBA7800F3F64E</string>
				<string>D93377271C9DBA7800F3F64E</string>
				<string>D93377111C9DBA7800F3F64E</string>
				<string>D93377161C9DBA7800F3F64E</string>
				<string>D93377071C9DBA7800F3F64E</string>
				<string>D933771B1C9DBA7800F3F64E</string>
			</array>
			<key>isa</key>
			<string>PBXGroup</string>
			<key>path</key>
			<string>Classes</string>
			<key>sourceTree</key>
			<string>&lt;group&gt;</string>
		</dict>
		<key>D93377071C9DBA7800F3F64E</key>
		<dict>
			<key>children</key>
			<array>
				<string>D93377081C9DBA7800F3F64E</string>
				<string>D93377091C9DBA7800F3F64E</string>
				<string>D933770E1C9DBA7800F3F64E</string>
				<string>D933770F1C9DBA7800F3F64E</string>
				<string>D93377101C9DBA7800F3F64E</string>
			</array>
			<key>isa</key>
			<string>PBXGroup</string>
			<key>path</key>
			<string>Config</string>
			<key>sourceTree</key>
			<string>&lt;group&gt;</string>
		</dict>
		<key>D93377081C9DBA7800F3F64E</key>
		<dict>
			<key>children</key>
			<array>
				<string>D91DF2361C9ECD0D00312331</string>
				<string>D91DF2371C9ECD0D00312331</string>
				<string>D91DF2391C9ECE1D00312331</string>
				<string>D91DF23A1C9ECE1D00312331</string>
				<string>D91DF2411C9EDB2700312331</string>
				<string>D91DF2421C9EDB2700312331</string>
				<string>D9E76CD51CA13FC1008CA2E4</string>
				<string>D9E76CD61CA13FC1008CA2E4</string>
				<string>D9E20B131CA787BF00B3F7AF</string>
				<string>D9E20B141CA787BF00B3F7AF</string>
				<string>D9507B0A1CAB7FB7000BDC8F</string>
				<string>D9507B0B1CAB7FB7000BDC8F</string>
				<string>D9507B0D1CAB8379000BDC8F</string>
				<string>D9507B0E1CAB8379000BDC8F</string>
				<string>D9507B101CAB84C1000BDC8F</string>
				<string>D9507B111CAB84C1000BDC8F</string>
				<string>D9507B131CAB85AE000BDC8F</string>
				<string>D9507B141CAB85AE000BDC8F</string>
			</array>
			<key>isa</key>
			<string>PBXGroup</string>
			<key>path</key>
			<string>Controllers</string>
			<key>sourceTree</key>
			<string>&lt;group&gt;</string>
		</dict>
		<key>D93377091C9DBA7800F3F64E</key>
		<dict>
			<key>children</key>
			<array>
				<string>D933770A1C9DBA7800F3F64E</string>
				<string>D933770B1C9DBA7800F3F64E</string>
				<string>D933770C1C9DBA7800F3F64E</string>
				<string>D933770D1C9DBA7800F3F64E</string>
			</array>
			<key>isa</key>
			<string>PBXGroup</string>
			<key>path</key>
			<string>Main</string>
			<key>sourceTree</key>
			<string>&lt;group&gt;</string>
		</dict>
		<key>D933770A1C9DBA7800F3F64E</key>
		<dict>
			<key>children</key>
			<array/>
			<key>isa</key>
			<string>PBXGroup</string>
			<key>path</key>
			<string>Controllers</string>
			<key>sourceTree</key>
			<string>&lt;group&gt;</string>
		</dict>
		<key>D933770B1C9DBA7800F3F64E</key>
		<dict>
			<key>children</key>
			<array/>
			<key>isa</key>
			<string>PBXGroup</string>
			<key>path</key>
			<string>Models</string>
			<key>sourceTree</key>
			<string>&lt;group&gt;</string>
		</dict>
		<key>D933770C1C9DBA7800F3F64E</key>
		<dict>
			<key>children</key>
			<array/>
			<key>isa</key>
			<string>PBXGroup</string>
			<key>path</key>
			<string>Others</string>
			<key>sourceTree</key>
			<string>&lt;group&gt;</string>
		</dict>
		<key>D933770D1C9DBA7800F3F64E</key>
		<dict>
			<key>children</key>
			<array/>
			<key>isa</key>
			<string>PBXGroup</string>
			<key>path</key>
			<string>Views</string>
			<key>sourceTree</key>
			<string>&lt;group&gt;</string>
		</dict>
		<key>D933770E1C9DBA7800F3F64E</key>
		<dict>
			<key>children</key>
			<array/>
			<key>isa</key>
			<string>PBXGroup</string>
			<key>path</key>
			<string>Models</string>
			<key>sourceTree</key>
			<string>&lt;group&gt;</string>
		</dict>
		<key>D933770F1C9DBA7800F3F64E</key>
		<dict>
			<key>children</key>
			<array/>
			<key>isa</key>
			<string>PBXGroup</string>
			<key>path</key>
			<string>Others</string>
			<key>sourceTree</key>
			<string>&lt;group&gt;</string>
		</dict>
		<key>D93377101C9DBA7800F3F64E</key>
		<dict>
			<key>children</key>
			<array>
				<string>D91DF23C1C9ED60700312331</string>
				<string>D91DF23D1C9ED60700312331</string>
				<string>D91DF23F1C9ED61200312331</string>
				<string>D9E76CDA1CA14114008CA2E4</string>
				<string>D9E76CDB1CA14114008CA2E4</string>
				<string>D9E76CDD1CA14121008CA2E4</string>
				<string>D9E76CDF1CA146AF008CA2E4</string>
				<string>D92B1B1C1CA1831D00470594</string>
				<string>D92B1B1D1CA1831D00470594</string>
				<string>D9E6BEE11CD23F2300DE05C9</string>
				<string>D9E6BEE21CD23F2300DE05C9</string>
			</array>
			<key>isa</key>
			<string>PBXGroup</string>
			<key>path</key>
			<string>Views</string>
			<key>sourceTree</key>
			<string>&lt;group&gt;</string>
		</dict>
		<key>D93377111C9DBA7800F3F64E</key>
		<dict>
			<key>children</key>
			<array>
				<string>D93377121C9DBA7800F3F64E</string>
				<string>D93377131C9DBA7800F3F64E</string>
				<string>D93377141C9DBA7800F3F64E</string>
				<string>D93377151C9DBA7800F3F64E</string>
			</array>
			<key>isa</key>
			<string>PBXGroup</string>
			<key>path</key>
			<string>Contact</string>
			<key>sourceTree</key>
			<string>&lt;group&gt;</string>
		</dict>
		<key>D93377121C9DBA7800F3F64E</key>
		<dict>
			<key>children</key>
			<array>
				<string>D933773E1C9DBE5A00F3F64E</string>
				<string>D933773F1C9DBE5A00F3F64E</string>
			</array>
			<key>isa</key>
			<string>PBXGroup</string>
			<key>path</key>
			<string>Controllers</string>
			<key>sourceTree</key>
			<string>&lt;group&gt;</string>
		</dict>
		<key>D93377131C9DBA7800F3F64E</key>
		<dict>
			<key>children</key>
			<array/>
			<key>isa</key>
			<string>PBXGroup</string>
			<key>path</key>
			<string>Models</string>
			<key>sourceTree</key>
			<string>&lt;group&gt;</string>
		</dict>
		<key>D93377141C9DBA7800F3F64E</key>
		<dict>
			<key>children</key>
			<array/>
			<key>isa</key>
			<string>PBXGroup</string>
			<key>path</key>
			<string>Others</string>
			<key>sourceTree</key>
			<string>&lt;group&gt;</string>
		</dict>
		<key>D93377151C9DBA7800F3F64E</key>
		<dict>
			<key>children</key>
			<array/>
			<key>isa</key>
			<string>PBXGroup</string>
			<key>path</key>
			<string>Views</string>
			<key>sourceTree</key>
			<string>&lt;group&gt;</string>
		</dict>
		<key>D93377161C9DBA7800F3F64E</key>
		<dict>
			<key>children</key>
			<array>
				<string>D93377171C9DBA7800F3F64E</string>
				<string>D93377181C9DBA7800F3F64E</string>
				<string>D93377191C9DBA7800F3F64E</string>
				<string>D933771A1C9DBA7800F3F64E</string>
			</array>
			<key>isa</key>
			<string>PBXGroup</string>
			<key>path</key>
			<string>Dial</string>
			<key>sourceTree</key>
			<string>&lt;group&gt;</string>
		</dict>
		<key>D93377171C9DBA7800F3F64E</key>
		<dict>
			<key>children</key>
			<array>
				<string>D93377411C9DBE7000F3F64E</string>
				<string>D93377421C9DBE7000F3F64E</string>
			</array>
			<key>isa</key>
			<string>PBXGroup</string>
			<key>path</key>
			<string>Controllers</string>
			<key>sourceTree</key>
			<string>&lt;group&gt;</string>
		</dict>
		<key>D93377181C9DBA7800F3F64E</key>
		<dict>
			<key>children</key>
			<array/>
			<key>isa</key>
			<string>PBXGroup</string>
			<key>path</key>
			<string>Models</string>
			<key>sourceTree</key>
			<string>&lt;group&gt;</string>
		</dict>
		<key>D93377191C9DBA7800F3F64E</key>
		<dict>
			<key>children</key>
			<array/>
			<key>isa</key>
			<string>PBXGroup</string>
			<key>path</key>
			<string>Others</string>
			<key>sourceTree</key>
			<string>&lt;group&gt;</string>
		</dict>
		<key>D933771A1C9DBA7800F3F64E</key>
		<dict>
			<key>children</key>
			<array>
				<string>D961EF6D1CA2EEDF0095766A</string>
				<string>D961EF6E1CA2EEDF0095766A</string>
				<string>D961EF701CA2F5700095766A</string>
				<string>D961EF711CA2F5700095766A</string>
				<string>D961EF731CA2FBD50095766A</string>
				<string>D961EF741CA2FBD50095766A</string>
				<string>D961EF761CA2FBF60095766A</string>
			</array>
			<key>isa</key>
			<string>PBXGroup</string>
			<key>path</key>
			<string>Views</string>
			<key>sourceTree</key>
			<string>&lt;group&gt;</string>
		</dict>
		<key>D933771B1C9DBA7800F3F64E</key>
		<dict>
			<key>children</key>
			<array>
				<string>D933771C1C9DBA7800F3F64E</string>
				<string>D933771D1C9DBA7800F3F64E</string>
				<string>D933771E1C9DBA7800F3F64E</string>
				<string>D933771F1C9DBA7800F3F64E</string>
			</array>
			<key>isa</key>
			<string>PBXGroup</string>
			<key>path</key>
			<string>Guide</string>
			<key>sourceTree</key>
			<string>&lt;group&gt;</string>
		</dict>
		<key>D933771C1C9DBA7800F3F64E</key>
		<dict>
			<key>children</key>
			<array/>
			<key>isa</key>
			<string>PBXGroup</string>
			<key>path</key>
			<string>Controllers</string>
			<key>sourceTree</key>
			<string>&lt;group&gt;</string>
		</dict>
		<key>D933771D1C9DBA7800F3F64E</key>
		<dict>
			<key>children</key>
			<array/>
			<key>isa</key>
			<string>PBXGroup</string>
			<key>path</key>
			<string>Models</string>
			<key>sourceTree</key>
			<string>&lt;group&gt;</string>
		</dict>
		<key>D933771E1C9DBA7800F3F64E</key>
		<dict>
			<key>children</key>
			<array/>
			<key>isa</key>
			<string>PBXGroup</string>
			<key>path</key>
			<string>Others</string>
			<key>sourceTree</key>
			<string>&lt;group&gt;</string>
		</dict>
		<key>D933771F1C9DBA7800F3F64E</key>
		<dict>
			<key>children</key>
			<array/>
			<key>isa</key>
			<string>PBXGroup</string>
			<key>path</key>
			<string>Views</string>
			<key>sourceTree</key>
			<string>&lt;group&gt;</string>
		</dict>
		<key>D93377201C9DBA7800F3F64E</key>
		<dict>
			<key>children</key>
			<array>
				<string>D9813EDF1CA6EC320013AE57</string>
				<string>D933774C1C9DD7E200F3F64E</string>
				<string>D93377211C9DBA7800F3F64E</string>
				<string>D93377221C9DBA7800F3F64E</string>
				<string>D93377231C9DBA7800F3F64E</string>
				<string>D93377261C9DBA7800F3F64E</string>
			</array>
			<key>isa</key>
			<string>PBXGroup</string>
			<key>path</key>
			<string>Main</string>
			<key>sourceTree</key>
			<string>&lt;group&gt;</string>
		</dict>
		<key>D93377211C9DBA7800F3F64E</key>
		<dict>
			<key>children</key>
			<array>
				<string>D93377331C9DBC8F00F3F64E</string>
				<string>D93377341C9DBC8F00F3F64E</string>
				<string>D93377361C9DBCAE00F3F64E</string>
				<string>D93377371C9DBCAE00F3F64E</string>
			</array>
			<key>isa</key>
			<string>PBXGroup</string>
			<key>path</key>
			<string>Controllers</string>
			<key>sourceTree</key>
			<string>&lt;group&gt;</string>
		</dict>
		<key>D93377221C9DBA7800F3F64E</key>
		<dict>
			<key>children</key>
			<array/>
			<key>isa</key>
			<string>PBXGroup</string>
			<key>path</key>
			<string>Models</string>
			<key>sourceTree</key>
			<string>&lt;group&gt;</string>
		</dict>
		<key>D93377231C9DBA7800F3F64E</key>
		<dict>
			<key>children</key>
			<array>
				<string>D93377241C9DBA7800F3F64E</string>
				<string>D93377251C9DBA7800F3F64E</string>
			</array>
			<key>isa</key>
			<string>PBXGroup</string>
			<key>path</key>
			<string>Others</string>
			<key>sourceTree</key>
			<string>&lt;group&gt;</string>
		</dict>
		<key>D93377241C9DBA7800F3F64E</key>
		<dict>
			<key>fileEncoding</key>
			<string>4</string>
			<key>isa</key>
			<string>PBXFileReference</string>
			<key>lastKnownFileType</key>
			<string>sourcecode.c.h</string>
			<key>path</key>
			<string>AppDelegate.h</string>
			<key>sourceTree</key>
			<string>&lt;group&gt;</string>
		</dict>
		<key>D93377251C9DBA7800F3F64E</key>
		<dict>
			<key>fileEncoding</key>
			<string>4</string>
			<key>isa</key>
			<string>PBXFileReference</string>
			<key>lastKnownFileType</key>
			<string>sourcecode.c.objc</string>
			<key>path</key>
			<string>AppDelegate.m</string>
			<key>sourceTree</key>
			<string>&lt;group&gt;</string>
		</dict>
		<key>D93377261C9DBA7800F3F64E</key>
		<dict>
			<key>children</key>
			<array/>
			<key>isa</key>
			<string>PBXGroup</string>
			<key>path</key>
			<string>Views</string>
			<key>sourceTree</key>
			<string>&lt;group&gt;</string>
		</dict>
		<key>D93377271C9DBA7800F3F64E</key>
		<dict>
			<key>children</key>
			<array>
				<string>D93377281C9DBA7800F3F64E</string>
				<string>D93377291C9DBA7800F3F64E</string>
				<string>D933772E1C9DBA7800F3F64E</string>
				<string>D933772F1C9DBA7800F3F64E</string>
				<string>D93377301C9DBA7800F3F64E</string>
			</array>
			<key>isa</key>
			<string>PBXGroup</string>
			<key>path</key>
			<string>Recent</string>
			<key>sourceTree</key>
			<string>&lt;group&gt;</string>
		</dict>
		<key>D93377281C9DBA7800F3F64E</key>
		<dict>
			<key>children</key>
			<array>
				<string>D933773B1C9DBE4200F3F64E</string>
				<string>D933773C1C9DBE4200F3F64E</string>
				<string>D93377501C9DDEA100F3F64E</string>
				<string>D93377511C9DDEA100F3F64E</string>
				<string>D93377531C9DDED400F3F64E</string>
				<string>D93377541C9DDED400F3F64E</string>
			</array>
			<key>isa</key>
			<string>PBXGroup</string>
			<key>path</key>
			<string>Controllers</string>
			<key>sourceTree</key>
			<string>&lt;group&gt;</string>
		</dict>
		<key>D93377291C9DBA7800F3F64E</key>
		<dict>
			<key>children</key>
			<array>
				<string>D933772A1C9DBA7800F3F64E</string>
				<string>D933772B1C9DBA7800F3F64E</string>
				<string>D933772C1C9DBA7800F3F64E</string>
				<string>D933772D1C9DBA7800F3F64E</string>
			</array>
			<key>isa</key>
			<string>PBXGroup</string>
			<key>path</key>
			<string>Main</string>
			<key>sourceTree</key>
			<string>&lt;group&gt;</string>
		</dict>
		<key>D933772A1C9DBA7800F3F64E</key>
		<dict>
			<key>children</key>
			<array/>
			<key>isa</key>
			<string>PBXGroup</string>
			<key>path</key>
			<string>Controllers</string>
			<key>sourceTree</key>
			<string>&lt;group&gt;</string>
		</dict>
		<key>D933772B1C9DBA7800F3F64E</key>
		<dict>
			<key>children</key>
			<array/>
			<key>isa</key>
			<string>PBXGroup</string>
			<key>path</key>
			<string>Models</string>
			<key>sourceTree</key>
			<string>&lt;group&gt;</string>
		</dict>
		<key>D933772C1C9DBA7800F3F64E</key>
		<dict>
			<key>children</key>
			<array/>
			<key>isa</key>
			<string>PBXGroup</string>
			<key>path</key>
			<string>Others</string>
			<key>sourceTree</key>
			<string>&lt;group&gt;</string>
		</dict>
		<key>D933772D1C9DBA7800F3F64E</key>
		<dict>
			<key>children</key>
			<array/>
			<key>isa</key>
			<string>PBXGroup</string>
			<key>path</key>
			<string>Views</string>
			<key>sourceTree</key>
			<string>&lt;group&gt;</string>
		</dict>
		<key>D933772E1C9DBA7800F3F64E</key>
		<dict>
			<key>children</key>
			<array/>
			<key>isa</key>
			<string>PBXGroup</string>
			<key>path</key>
			<string>Models</string>
			<key>sourceTree</key>
			<string>&lt;group&gt;</string>
		</dict>
		<key>D933772F1C9DBA7800F3F64E</key>
		<dict>
			<key>children</key>
			<array/>
			<key>isa</key>
			<string>PBXGroup</string>
			<key>path</key>
			<string>Others</string>
			<key>sourceTree</key>
			<string>&lt;group&gt;</string>
		</dict>
		<key>D93377301C9DBA7800F3F64E</key>
		<dict>
			<key>children</key>
			<array>
				<string>D93377471C9DCF7B00F3F64E</string>
				<string>D93377481C9DCF7B00F3F64E</string>
			</array>
			<key>isa</key>
			<string>PBXGroup</string>
			<key>path</key>
			<string>Views</string>
			<key>sourceTree</key>
			<string>&lt;group&gt;</string>
		</dict>
		<key>D93377311C9DBA7800F3F64E</key>
		<dict>
			<key>fileRef</key>
			<string>D93377251C9DBA7800F3F64E</string>
			<key>isa</key>
			<string>PBXBuildFile</string>
		</dict>
		<key>D93377321C9DBA9C00F3F64E</key>
		<dict>
			<key>fileEncoding</key>
			<string>4</string>
			<key>isa</key>
			<string>PBXFileReference</string>
			<key>lastKnownFileType</key>
			<string>sourcecode.c.h</string>
			<key>path</key>
			<string>PrefixHeader.pch</string>
			<key>sourceTree</key>
			<string>&lt;group&gt;</string>
		</dict>
		<key>D93377331C9DBC8F00F3F64E</key>
		<dict>
			<key>fileEncoding</key>
			<string>4</string>
			<key>isa</key>
			<string>PBXFileReference</string>
			<key>lastKnownFileType</key>
			<string>sourcecode.c.h</string>
			<key>path</key>
			<string>MDRTabBarController.h</string>
			<key>sourceTree</key>
			<string>&lt;group&gt;</string>
		</dict>
		<key>D93377341C9DBC8F00F3F64E</key>
		<dict>
			<key>fileEncoding</key>
			<string>4</string>
			<key>isa</key>
			<string>PBXFileReference</string>
			<key>lastKnownFileType</key>
			<string>sourcecode.c.objc</string>
			<key>path</key>
			<string>MDRTabBarController.m</string>
			<key>sourceTree</key>
			<string>&lt;group&gt;</string>
		</dict>
		<key>D93377351C9DBC8F00F3F64E</key>
		<dict>
			<key>fileRef</key>
			<string>D93377341C9DBC8F00F3F64E</string>
			<key>isa</key>
			<string>PBXBuildFile</string>
		</dict>
		<key>D93377361C9DBCAE00F3F64E</key>
		<dict>
			<key>fileEncoding</key>
			<string>4</string>
			<key>isa</key>
			<string>PBXFileReference</string>
			<key>lastKnownFileType</key>
			<string>sourcecode.c.h</string>
			<key>path</key>
			<string>MDRNavigationController.h</string>
			<key>sourceTree</key>
			<string>&lt;group&gt;</string>
		</dict>
		<key>D93377371C9DBCAE00F3F64E</key>
		<dict>
			<key>fileEncoding</key>
			<string>4</string>
			<key>isa</key>
			<string>PBXFileReference</string>
			<key>lastKnownFileType</key>
			<string>sourcecode.c.objc</string>
			<key>path</key>
			<string>MDRNavigationController.m</string>
			<key>sourceTree</key>
			<string>&lt;group&gt;</string>
		</dict>
		<key>D93377381C9DBCAF00F3F64E</key>
		<dict>
			<key>fileRef</key>
			<string>D93377371C9DBCAE00F3F64E</string>
			<key>isa</key>
			<string>PBXBuildFile</string>
		</dict>
		<key>D933773B1C9DBE4200F3F64E</key>
		<dict>
			<key>fileEncoding</key>
			<string>4</string>
			<key>isa</key>
			<string>PBXFileReference</string>
			<key>lastKnownFileType</key>
			<string>sourcecode.c.h</string>
			<key>path</key>
			<string>MDRCalllogController.h</string>
			<key>sourceTree</key>
			<string>&lt;group&gt;</string>
		</dict>
		<key>D933773C1C9DBE4200F3F64E</key>
		<dict>
			<key>fileEncoding</key>
			<string>4</string>
			<key>isa</key>
			<string>PBXFileReference</string>
			<key>lastKnownFileType</key>
			<string>sourcecode.c.objc</string>
			<key>path</key>
			<string>MDRCalllogController.m</string>
			<key>sourceTree</key>
			<string>&lt;group&gt;</string>
		</dict>
		<key>D933773D1C9DBE4200F3F64E</key>
		<dict>
			<key>fileRef</key>
			<string>D933773C1C9DBE4200F3F64E</string>
			<key>isa</key>
			<string>PBXBuildFile</string>
		</dict>
		<key>D933773E1C9DBE5A00F3F64E</key>
		<dict>
			<key>fileEncoding</key>
			<string>4</string>
			<key>isa</key>
			<string>PBXFileReference</string>
			<key>lastKnownFileType</key>
			<string>sourcecode.c.h</string>
			<key>path</key>
			<string>MDRContactListController.h</string>
			<key>sourceTree</key>
			<string>&lt;group&gt;</string>
		</dict>
		<key>D933773F1C9DBE5A00F3F64E</key>
		<dict>
			<key>fileEncoding</key>
			<string>4</string>
			<key>isa</key>
			<string>PBXFileReference</string>
			<key>lastKnownFileType</key>
			<string>sourcecode.c.objc</string>
			<key>path</key>
			<string>MDRContactListController.m</string>
			<key>sourceTree</key>
			<string>&lt;group&gt;</string>
		</dict>
		<key>D93377401C9DBE5A00F3F64E</key>
		<dict>
			<key>fileRef</key>
			<string>D933773F1C9DBE5A00F3F64E</string>
			<key>isa</key>
			<string>PBXBuildFile</string>
		</dict>
		<key>D93377411C9DBE7000F3F64E</key>
		<dict>
			<key>fileEncoding</key>
			<string>4</string>
			<key>isa</key>
			<string>PBXFileReference</string>
			<key>lastKnownFileType</key>
			<string>sourcecode.c.h</string>
			<key>path</key>
			<string>MDRDialController.h</string>
			<key>sourceTree</key>
			<string>&lt;group&gt;</string>
		</dict>
		<key>D93377421C9DBE7000F3F64E</key>
		<dict>
			<key>fileEncoding</key>
			<string>4</string>
			<key>isa</key>
			<string>PBXFileReference</string>
			<key>lastKnownFileType</key>
			<string>sourcecode.c.objc</string>
			<key>path</key>
			<string>MDRDialController.m</string>
			<key>sourceTree</key>
			<string>&lt;group&gt;</string>
		</dict>
		<key>D93377431C9DBE7000F3F64E</key>
		<dict>
			<key>fileRef</key>
			<string>D93377421C9DBE7000F3F64E</string>
			<key>isa</key>
			<string>PBXBuildFile</string>
		</dict>
		<key>D93377471C9DCF7B00F3F64E</key>
		<dict>
			<key>fileEncoding</key>
			<string>4</string>
			<key>isa</key>
			<string>PBXFileReference</string>
			<key>lastKnownFileType</key>
			<string>sourcecode.c.h</string>
			<key>path</key>
			<string>MDRCoverView.h</string>
			<key>sourceTree</key>
			<string>&lt;group&gt;</string>
		</dict>
		<key>D93377481C9DCF7B00F3F64E</key>
		<dict>
			<key>fileEncoding</key>
			<string>4</string>
			<key>isa</key>
			<string>PBXFileReference</string>
			<key>lastKnownFileType</key>
			<string>sourcecode.c.objc</string>
			<key>path</key>
			<string>MDRCoverView.m</string>
			<key>sourceTree</key>
			<string>&lt;group&gt;</string>
		</dict>
		<key>D93377491C9DCF7B00F3F64E</key>
		<dict>
			<key>fileRef</key>
			<string>D93377481C9DCF7B00F3F64E</string>
			<key>isa</key>
			<string>PBXBuildFile</string>
		</dict>
		<key>D933774C1C9DD7E200F3F64E</key>
		<dict>
			<key>children</key>
			<array>
				<string>D933774D1C9DD7FD00F3F64E</string>
				<string>D933774E1C9DD7FD00F3F64E</string>
			</array>
			<key>isa</key>
			<string>PBXGroup</string>
			<key>path</key>
			<string>Category</string>
			<key>sourceTree</key>
			<string>&lt;group&gt;</string>
		</dict>
		<key>D933774D1C9DD7FD00F3F64E</key>
		<dict>
			<key>fileEncoding</key>
			<string>4</string>
			<key>isa</key>
			<string>PBXFileReference</string>
			<key>lastKnownFileType</key>
			<string>sourcecode.c.h</string>
			<key>path</key>
			<string>UIView+MDRExtension.h</string>
			<key>sourceTree</key>
			<string>&lt;group&gt;</string>
		</dict>
		<key>D933774E1C9DD7FD00F3F64E</key>
		<dict>
			<key>fileEncoding</key>
			<string>4</string>
			<key>isa</key>
			<string>PBXFileReference</string>
			<key>lastKnownFileType</key>
			<string>sourcecode.c.objc</string>
			<key>path</key>
			<string>UIView+MDRExtension.m</string>
			<key>sourceTree</key>
			<string>&lt;group&gt;</string>
		</dict>
		<key>D933774F1C9DD7FD00F3F64E</key>
		<dict>
			<key>fileRef</key>
			<string>D933774E1C9DD7FD00F3F64E</string>
			<key>isa</key>
			<string>PBXBuildFile</string>
		</dict>
		<key>D93377501C9DDEA100F3F64E</key>
		<dict>
			<key>fileEncoding</key>
			<string>4</string>
			<key>isa</key>
			<string>PBXFileReference</string>
			<key>lastKnownFileType</key>
			<string>sourcecode.c.h</string>
			<key>path</key>
			<string>MDRSelectContactController.h</string>
			<key>sourceTree</key>
			<string>&lt;group&gt;</string>
		</dict>
		<key>D93377511C9DDEA100F3F64E</key>
		<dict>
			<key>fileEncoding</key>
			<string>4</string>
			<key>isa</key>
			<string>PBXFileReference</string>
			<key>lastKnownFileType</key>
			<string>sourcecode.c.objc</string>
			<key>path</key>
			<string>MDRSelectContactController.m</string>
			<key>sourceTree</key>
			<string>&lt;group&gt;</string>
		</dict>
		<key>D93377521C9DDEA100F3F64E</key>
		<dict>
			<key>fileRef</key>
			<string>D93377511C9DDEA100F3F64E</string>
			<key>isa</key>
			<string>PBXBuildFile</string>
		</dict>
		<key>D93377531C9DDED400F3F64E</key>
		<dict>
			<key>fileEncoding</key>
			<string>4</string>
			<key>isa</key>
			<string>PBXFileReference</string>
			<key>lastKnownFileType</key>
			<string>sourcecode.c.h</string>
			<key>path</key>
			<string>MDRPlayController.h</string>
			<key>sourceTree</key>
			<string>&lt;group&gt;</string>
		</dict>
		<key>D93377541C9DDED400F3F64E</key>
		<dict>
			<key>fileEncoding</key>
			<string>4</string>
			<key>isa</key>
			<string>PBXFileReference</string>
			<key>lastKnownFileType</key>
			<string>sourcecode.c.objc</string>
			<key>path</key>
			<string>MDRPlayController.m</string>
			<key>sourceTree</key>
			<string>&lt;group&gt;</string>
		</dict>
		<key>D93377551C9DDED400F3F64E</key>
		<dict>
			<key>fileRef</key>
			<string>D93377541C9DDED400F3F64E</string>
			<key>isa</key>
			<string>PBXBuildFile</string>
		</dict>
		<key>D9507B0A1CAB7FB7000BDC8F</key>
		<dict>
			<key>fileEncoding</key>
			<string>4</string>
			<key>isa</key>
			<string>PBXFileReference</string>
			<key>lastKnownFileType</key>
			<string>sourcecode.c.h</string>
			<key>path</key>
			<string>MDRWebController.h</string>
			<key>sourceTree</key>
			<string>&lt;group&gt;</string>
		</dict>
		<key>D9507B0B1CAB7FB7000BDC8F</key>
		<dict>
			<key>fileEncoding</key>
			<string>4</string>
			<key>isa</key>
			<string>PBXFileReference</string>
			<key>lastKnownFileType</key>
			<string>sourcecode.c.objc</string>
			<key>path</key>
			<string>MDRWebController.m</string>
			<key>sourceTree</key>
			<string>&lt;group&gt;</string>
		</dict>
		<key>D9507B0C1CAB7FB7000BDC8F</key>
		<dict>
			<key>fileRef</key>
			<string>D9507B0B1CAB7FB7000BDC8F</string>
			<key>isa</key>
			<string>PBXBuildFile</string>
		</dict>
		<key>D9507B0D1CAB8379000BDC8F</key>
		<dict>
			<key>fileEncoding</key>
			<string>4</string>
			<key>isa</key>
			<string>PBXFileReference</string>
			<key>lastKnownFileType</key>
			<string>sourcecode.c.h</string>
			<key>path</key>
			<string>MDRPlayBookController.h</string>
			<key>sourceTree</key>
			<string>&lt;group&gt;</string>
		</dict>
		<key>D9507B0E1CAB8379000BDC8F</key>
		<dict>
			<key>fileEncoding</key>
			<string>4</string>
			<key>isa</key>
			<string>PBXFileReference</string>
			<key>lastKnownFileType</key>
			<string>sourcecode.c.objc</string>
			<key>path</key>
			<string>MDRPlayBookController.m</string>
			<key>sourceTree</key>
			<string>&lt;group&gt;</string>
		</dict>
		<key>D9507B0F1CAB8379000BDC8F</key>
		<dict>
			<key>fileRef</key>
			<string>D9507B0E1CAB8379000BDC8F</string>
			<key>isa</key>
			<string>PBXBuildFile</string>
		</dict>
		<key>D9507B101CAB84C1000BDC8F</key>
		<dict>
			<key>fileEncoding</key>
			<string>4</string>
			<key>isa</key>
			<string>PBXFileReference</string>
			<key>lastKnownFileType</key>
			<string>sourcecode.c.h</string>
			<key>path</key>
			<string>MDRDistanceAnalyzeController.h</string>
			<key>sourceTree</key>
			<string>&lt;group&gt;</string>
		</dict>
		<key>D9507B111CAB84C1000BDC8F</key>
		<dict>
			<key>fileEncoding</key>
			<string>4</string>
			<key>isa</key>
			<string>PBXFileReference</string>
			<key>lastKnownFileType</key>
			<string>sourcecode.c.objc</string>
			<key>path</key>
			<string>MDRDistanceAnalyzeController.m</string>
			<key>sourceTree</key>
			<string>&lt;group&gt;</string>
		</dict>
		<key>D9507B121CAB84C1000BDC8F</key>
		<dict>
			<key>fileRef</key>
			<string>D9507B111CAB84C1000BDC8F</string>
			<key>isa</key>
			<string>PBXBuildFile</string>
		</dict>
		<key>D9507B131CAB85AE000BDC8F</key>
		<dict>
			<key>fileEncoding</key>
			<string>4</string>
			<key>isa</key>
			<string>PBXFileReference</string>
			<key>lastKnownFileType</key>
			<string>sourcecode.c.h</string>
			<key>path</key>
			<string>MDRAgreementController.h</string>
			<key>sourceTree</key>
			<string>&lt;group&gt;</string>
		</dict>
		<key>D9507B141CAB85AE000BDC8F</key>
		<dict>
			<key>fileEncoding</key>
			<string>4</string>
			<key>isa</key>
			<string>PBXFileReference</string>
			<key>lastKnownFileType</key>
			<string>sourcecode.c.objc</string>
			<key>path</key>
			<string>MDRAgreementController.m</string>
			<key>sourceTree</key>
			<string>&lt;group&gt;</string>
		</dict>
		<key>D9507B151CAB85AE000BDC8F</key>
		<dict>
			<key>fileRef</key>
			<string>D9507B141CAB85AE000BDC8F</string>
			<key>isa</key>
			<string>PBXBuildFile</string>
		</dict>
		<key>D961EF6D1CA2EEDF0095766A</key>
		<dict>
			<key>fileEncoding</key>
			<string>4</string>
			<key>isa</key>
			<string>PBXFileReference</string>
			<key>lastKnownFileType</key>
			<string>sourcecode.c.h</string>
			<key>path</key>
			<string>MDRDialView.h</string>
			<key>sourceTree</key>
			<string>&lt;group&gt;</string>
		</dict>
		<key>D961EF6E1CA2EEDF0095766A</key>
		<dict>
			<key>fileEncoding</key>
			<string>4</string>
			<key>isa</key>
			<string>PBXFileReference</string>
			<key>lastKnownFileType</key>
			<string>sourcecode.c.objc</string>
			<key>path</key>
			<string>MDRDialView.m</string>
			<key>sourceTree</key>
			<string>&lt;group&gt;</string>
		</dict>
		<key>D961EF6F1CA2EEDF0095766A</key>
		<dict>
			<key>fileRef</key>
			<string>D961EF6E1CA2EEDF0095766A</string>
			<key>isa</key>
			<string>PBXBuildFile</string>
		</dict>
		<key>D961EF701CA2F5700095766A</key>
		<dict>
			<key>fileEncoding</key>
			<string>4</string>
			<key>isa</key>
			<string>PBXFileReference</string>
			<key>lastKnownFileType</key>
			<string>sourcecode.c.h</string>
			<key>path</key>
			<string>MDRNumberView.h</string>
			<key>sourceTree</key>
			<string>&lt;group&gt;</string>
		</dict>
		<key>D961EF711CA2F5700095766A</key>
		<dict>
			<key>fileEncoding</key>
			<string>4</string>
			<key>isa</key>
			<string>PBXFileReference</string>
			<key>lastKnownFileType</key>
			<string>sourcecode.c.objc</string>
			<key>path</key>
			<string>MDRNumberView.m</string>
			<key>sourceTree</key>
			<string>&lt;group&gt;</string>
		</dict>
		<key>D961EF721CA2F5700095766A</key>
		<dict>
			<key>fileRef</key>
			<string>D961EF711CA2F5700095766A</string>
			<key>isa</key>
			<string>PBXBuildFile</string>
		</dict>
		<key>D961EF731CA2FBD50095766A</key>
		<dict>
			<key>fileEncoding</key>
			<string>4</string>
			<key>isa</key>
			<string>PBXFileReference</string>
			<key>lastKnownFileType</key>
			<string>sourcecode.c.h</string>
			<key>path</key>
			<string>MDRNumberButton.h</string>
			<key>sourceTree</key>
			<string>&lt;group&gt;</string>
		</dict>
		<key>D961EF741CA2FBD50095766A</key>
		<dict>
			<key>fileEncoding</key>
			<string>4</string>
			<key>isa</key>
			<string>PBXFileReference</string>
			<key>lastKnownFileType</key>
			<string>sourcecode.c.objc</string>
			<key>path</key>
			<string>MDRNumberButton.m</string>
			<key>sourceTree</key>
			<string>&lt;group&gt;</string>
		</dict>
		<key>D961EF751CA2FBD50095766A</key>
		<dict>
			<key>fileRef</key>
			<string>D961EF741CA2FBD50095766A</string>
			<key>isa</key>
			<string>PBXBuildFile</string>
		</dict>
		<key>D961EF761CA2FBF60095766A</key>
		<dict>
			<key>fileEncoding</key>
			<string>4</string>
			<key>isa</key>
			<string>PBXFileReference</string>
			<key>lastKnownFileType</key>
			<string>file.xib</string>
			<key>path</key>
			<string>MDRNumberButton.xib</string>
			<key>sourceTree</key>
			<string>&lt;group&gt;</string>
		</dict>
		<key>D961EF771CA2FBF60095766A</key>
		<dict>
			<key>fileRef</key>
			<string>D961EF761CA2FBF60095766A</string>
			<key>isa</key>
			<string>PBXBuildFile</string>
		</dict>
		<key>D9813EDF1CA6EC320013AE57</key>
		<dict>
			<key>children</key>
			<array>
				<string>D9813EE01CA6EC3E0013AE57</string>
				<string>D9813EE11CA6EC3E0013AE57</string>
			</array>
			<key>isa</key>
			<string>PBXGroup</string>
			<key>path</key>
			<string>Tool</string>
			<key>sourceTree</key>
			<string>&lt;group&gt;</string>
		</dict>
		<key>D9813EE01CA6EC3E0013AE57</key>
		<dict>
			<key>fileEncoding</key>
			<string>4</string>
			<key>isa</key>
			<string>PBXFileReference</string>
			<key>lastKnownFileType</key>
			<string>sourcecode.c.h</string>
			<key>path</key>
			<string>MDRTool.h</string>
			<key>sourceTree</key>
			<string>&lt;group&gt;</string>
		</dict>
		<key>D9813EE11CA6EC3E0013AE57</key>
		<dict>
			<key>fileEncoding</key>
			<string>4</string>
			<key>isa</key>
			<string>PBXFileReference</string>
			<key>lastKnownFileType</key>
			<string>sourcecode.c.objc</string>
			<key>path</key>
			<string>MDRTool.m</string>
			<key>sourceTree</key>
			<string>&lt;group&gt;</string>
		</dict>
		<key>D9813EE21CA6EC3E0013AE57</key>
		<dict>
			<key>fileRef</key>
			<string>D9813EE11CA6EC3E0013AE57</string>
			<key>isa</key>
			<string>PBXBuildFile</string>
		</dict>
		<key>D9E20B131CA787BF00B3F7AF</key>
		<dict>
			<key>fileEncoding</key>
			<string>4</string>
			<key>isa</key>
			<string>PBXFileReference</string>
			<key>lastKnownFileType</key>
			<string>sourcecode.c.h</string>
			<key>path</key>
			<string>MDRYellowPageController.h</string>
			<key>sourceTree</key>
			<string>&lt;group&gt;</string>
		</dict>
		<key>D9E20B141CA787BF00B3F7AF</key>
		<dict>
			<key>fileEncoding</key>
			<string>4</string>
			<key>isa</key>
			<string>PBXFileReference</string>
			<key>lastKnownFileType</key>
			<string>sourcecode.c.objc</string>
			<key>path</key>
			<string>MDRYellowPageController.m</string>
			<key>sourceTree</key>
			<string>&lt;group&gt;</string>
		</dict>
		<key>D9E20B151CA787BF00B3F7AF</key>
		<dict>
			<key>fileRef</key>
			<string>D9E20B141CA787BF00B3F7AF</string>
			<key>isa</key>
			<string>PBXBuildFile</string>
		</dict>
		<key>D9E6BEE11CD23F2300DE05C9</key>
		<dict>
			<key>fileEncoding</key>
			<string>4</string>
			<key>isa</key>
			<string>PBXFileReference</string>
			<key>lastKnownFileType</key>
			<string>sourcecode.c.h</string>
			<key>path</key>
			<string>MDRShowImgView.h</string>
			<key>sourceTree</key>
			<string>&lt;group&gt;</string>
		</dict>
		<key>D9E6BEE21CD23F2300DE05C9</key>
		<dict>
			<key>fileEncoding</key>
			<string>4</string>
			<key>isa</key>
			<string>PBXFileReference</string>
			<key>lastKnownFileType</key>
			<string>sourcecode.c.objc</string>
			<key>path</key>
			<string>MDRShowImgView.m</string>
			<key>sourceTree</key>
			<string>&lt;group&gt;</string>
		</dict>
		<key>D9E6BEE31CD23F2300DE05C9</key>
		<dict>
			<key>fileRef</key>
			<string>D9E6BEE21CD23F2300DE05C9</string>
			<key>isa</key>
			<string>PBXBuildFile</string>
		</dict>
		<key>D9E76CD51CA13FC1008CA2E4</key>
		<dict>
			<key>fileEncoding</key>
			<string>4</string>
			<key>isa</key>
			<string>PBXFileReference</string>
			<key>lastKnownFileType</key>
			<string>sourcecode.c.h</string>
			<key>path</key>
			<string>MDRAboutController.h</string>
			<key>sourceTree</key>
			<string>&lt;group&gt;</string>
		</dict>
		<key>D9E76CD61CA13FC1008CA2E4</key>
		<dict>
			<key>fileEncoding</key>
			<string>4</string>
			<key>isa</key>
			<string>PBXFileReference</string>
			<key>lastKnownFileType</key>
			<string>sourcecode.c.objc</string>
			<key>path</key>
			<string>MDRAboutController.m</string>
			<key>sourceTree</key>
			<string>&lt;group&gt;</string>
		</dict>
		<key>D9E76CD71CA13FC1008CA2E4</key>
		<dict>
			<key>fileRef</key>
			<string>D9E76CD61CA13FC1008CA2E4</string>
			<key>isa</key>
			<string>PBXBuildFile</string>
		</dict>
		<key>D9E76CD81CA1401A008CA2E4</key>
		<dict>
			<key>fileEncoding</key>
			<string>4</string>
			<key>isa</key>
			<string>PBXFileReference</string>
			<key>lastKnownFileType</key>
			<string>text.plist.xml</string>
			<key>path</key>
			<string>MDRSettingAbout.plist</string>
			<key>sourceTree</key>
			<string>&lt;group&gt;</string>
		</dict>
		<key>D9E76CD91CA1401A008CA2E4</key>
		<dict>
			<key>fileRef</key>
			<string>D9E76CD81CA1401A008CA2E4</string>
			<key>isa</key>
			<string>PBXBuildFile</string>
		</dict>
		<key>D9E76CDA1CA14114008CA2E4</key>
		<dict>
			<key>fileEncoding</key>
			<string>4</string>
			<key>isa</key>
			<string>PBXFileReference</string>
			<key>lastKnownFileType</key>
			<string>sourcecode.c.h</string>
			<key>path</key>
			<string>MDRAboutHeaderView.h</string>
			<key>sourceTree</key>
			<string>&lt;group&gt;</string>
		</dict>
		<key>D9E76CDB1CA14114008CA2E4</key>
		<dict>
			<key>fileEncoding</key>
			<string>4</string>
			<key>isa</key>
			<string>PBXFileReference</string>
			<key>lastKnownFileType</key>
			<string>sourcecode.c.objc</string>
			<key>path</key>
			<string>MDRAboutHeaderView.m</string>
			<key>sourceTree</key>
			<string>&lt;group&gt;</string>
		</dict>
		<key>D9E76CDC1CA14114008CA2E4</key>
		<dict>
			<key>fileRef</key>
			<string>D9E76CDB1CA14114008CA2E4</string>
			<key>isa</key>
			<string>PBXBuildFile</string>
		</dict>
		<key>D9E76CDD1CA14121008CA2E4</key>
		<dict>
			<key>fileEncoding</key>
			<string>4</string>
			<key>isa</key>
			<string>PBXFileReference</string>
			<key>lastKnownFileType</key>
			<string>file.xib</string>
			<key>path</key>
			<string>MDRAboutHeaderView.xib</string>
			<key>sourceTree</key>
			<string>&lt;group&gt;</string>
		</dict>
		<key>D9E76CDE1CA14121008CA2E4</key>
		<dict>
			<key>fileRef</key>
			<string>D9E76CDD1CA14121008CA2E4</string>
			<key>isa</key>
			<string>PBXBuildFile</string>
		</dict>
		<key>D9E76CDF1CA146AF008CA2E4</key>
		<dict>
			<key>fileEncoding</key>
			<string>4</string>
			<key>isa</key>
			<string>PBXFileReference</string>
			<key>lastKnownFileType</key>
			<string>file.xib</string>
			<key>path</key>
			<string>MDRAboutFooterView.xib</string>
			<key>sourceTree</key>
			<string>&lt;group&gt;</string>
		</dict>
		<key>D9E76CE01CA146AF008CA2E4</key>
		<dict>
			<key>fileRef</key>
			<string>D9E76CDF1CA146AF008CA2E4</string>
			<key>isa</key>
			<string>PBXBuildFile</string>
		</dict>
	</dict>
	<key>rootObject</key>
	<string>D93376E41C9DB9B800F3F64E</string>
</dict>
</plist>
